
Microsoft Visual Studio Solution File, Format Version 12.00
Project("{FAE04EC0-301F-11D3-BF4B-00C04F79EFBC}") = "RuleEngine.SampleApp", "RuleEngine.SampleApp\RuleEngine.SampleApp.csproj", "{C3FE9242-25CD-49A9-8CF4-0A1BC5FF18EC}"
EndProject
Project("{FAE04EC0-301F-11D3-BF4B-00C04F79EFBC}") = "RuleEngine.Domain", "RuleEngine.Domain\RuleEngine.Domain.csproj", "{F9D0A076-10EC-4647-90AC-3C22EC5E0629}"
EndProject
Project("{FAE04EC0-301F-11D3-BF4B-00C04F79EFBC}") = "RuleEngine.Application", "RuleEngine.Application\RuleEngine.Application.csproj", "{50DCD018-AF0C-4D19-B9EB-9401419C7BCA}"
EndProject
Project("{FAE04EC0-301F-11D3-BF4B-00C04F79EFBC}") = "RuleEngine.Infrastructure.EF", "RuleEngine.Infrastructure.EF\RuleEngine.Infrastructure.EF.csproj", "{1B7EFC16-9407-4BB0-8FC8-A71DD6B53F52}"
EndProject
Project("{FAE04EC0-301F-11D3-BF4B-00C04F79EFBC}") = "RuleEngine.Infrastructure.FilePersistence", "RuleEngine.Infrastructure.FilePersistence\RuleEngine.Infrastructure.FilePersistence.csproj", "{CD78BEFA-F6B9-4018-A67B-83CDCA4DEABF}"
EndProject
Project("{FAE04EC0-301F-11D3-BF4B-00C04F79EFBC}") = "RuleEngine.Domain.Ext.RemoteFieldExpr", "RuleEngine.Domain.Ext.RemoteFieldExpr\RuleEngine.Domain.Ext.RemoteFieldExpr.csproj", "{F122581C-1762-499B-8374-4115637A2907}"
EndProject
Project("{FAE04EC0-301F-11D3-BF4B-00C04F79EFBC}") = "RuleEngine.Infrastructure.Ext.RemoteFieldExpr", "RuleEngine.Infrastructure.Ext.RemoteFieldExpr\RuleEngine.Infrastructure.Ext.RemoteFieldExpr.csproj", "{A70E58B1-9846-40FC-B9BA-91D53AA4B329}"
EndProject
Global
	GlobalSection(SolutionConfigurationPlatforms) = preSolution
		Debug|Any CPU = Debug|Any CPU
		Release|Any CPU = Release|Any CPU
	EndGlobalSection
	GlobalSection(ProjectConfigurationPlatforms) = postSolution
		{C3FE9242-25CD-49A9-8CF4-0A1BC5FF18EC}.Debug|Any CPU.ActiveCfg = Debug|Any CPU
		{C3FE9242-25CD-49A9-8CF4-0A1BC5FF18EC}.Debug|Any CPU.Build.0 = Debug|Any CPU
		{C3FE9242-25CD-49A9-8CF4-0A1BC5FF18EC}.Release|Any CPU.ActiveCfg = Release|Any CPU
		{C3FE9242-25CD-49A9-8CF4-0A1BC5FF18EC}.Release|Any CPU.Build.0 = Release|Any CPU
		{F9D0A076-10EC-4647-90AC-3C22EC5E0629}.Debug|Any CPU.ActiveCfg = Debug|Any CPU
		{F9D0A076-10EC-4647-90AC-3C22EC5E0629}.Debug|Any CPU.Build.0 = Debug|Any CPU
		{F9D0A076-10EC-4647-90AC-3C22EC5E0629}.Release|Any CPU.ActiveCfg = Release|Any CPU
		{F9D0A076-10EC-4647-90AC-3C22EC5E0629}.Release|Any CPU.Build.0 = Release|Any CPU
		{50DCD018-AF0C-4D19-B9EB-9401419C7BCA}.Debug|Any CPU.ActiveCfg = Debug|Any CPU
		{50DCD018-AF0C-4D19-B9EB-9401419C7BCA}.Debug|Any CPU.Build.0 = Debug|Any CPU
		{50DCD018-AF0C-4D19-B9EB-9401419C7BCA}.Release|Any CPU.ActiveCfg = Release|Any CPU
		{50DCD018-AF0C-4D19-B9EB-9401419C7BCA}.Release|Any CPU.Build.0 = Release|Any CPU
		{1B7EFC16-9407-4BB0-8FC8-A71DD6B53F52}.Debug|Any CPU.ActiveCfg = Debug|Any CPU
		{1B7EFC16-9407-4BB0-8FC8-A71DD6B53F52}.Debug|Any CPU.Build.0 = Debug|Any CPU
		{1B7EFC16-9407-4BB0-8FC8-A71DD6B53F52}.Release|Any CPU.ActiveCfg = Release|Any CPU
		{1B7EFC16-9407-4BB0-8FC8-A71DD6B53F52}.Release|Any CPU.Build.0 = Release|Any CPU
		{CD78BEFA-F6B9-4018-A67B-83CDCA4DEABF}.Debug|Any CPU.ActiveCfg = Debug|Any CPU
		{CD78BEFA-F6B9-4018-A67B-83CDCA4DEABF}.Debug|Any CPU.Build.0 = Debug|Any CPU
		{CD78BEFA-F6B9-4018-A67B-83CDCA4DEABF}.Release|Any CPU.ActiveCfg = Release|Any CPU
		{CD78BEFA-F6B9-4018-A67B-83CDCA4DEABF}.Release|Any CPU.Build.0 = Release|Any CPU
		{F122581C-1762-499B-8374-4115637A2907}.Debug|Any CPU.ActiveCfg = Debug|Any CPU
		{F122581C-1762-499B-8374-4115637A2907}.Debug|Any CPU.Build.0 = Debug|Any CPU
		{F122581C-1762-499B-8374-4115637A2907}.Release|Any CPU.ActiveCfg = Release|Any CPU
		{F122581C-1762-499B-8374-4115637A2907}.Release|Any CPU.Build.0 = Release|Any CPU
		{A70E58B1-9846-40FC-B9BA-91D53AA4B329}.Debug|Any CPU.ActiveCfg = Debug|Any CPU
		{A70E58B1-9846-40FC-B9BA-91D53AA4B329}.Debug|Any CPU.Build.0 = Debug|Any CPU
		{A70E58B1-9846-40FC-B9BA-91D53AA4B329}.Release|Any CPU.ActiveCfg = Release|Any CPU
		{A70E58B1-9846-40FC-B9BA-91D53AA4B329}.Release|Any CPU.Build.0 = Release|Any CPU
	EndGlobalSection
EndGlobal
